
Microsoft Visual Studio Solution File, Format Version 12.00
# Visual Studio Version 16
VisualStudioVersion = 16.0.31729.503
MinimumVisualStudioVersion = 10.0.40219.1
Project("{9A19103F-16F7-4668-BE54-9A1E7A4F7556}") = "UnitTestPractice", "UnitTestPractice\UnitTestPractice.csproj", "{F35E386A-E797-48D7-9364-D58DBE9FA490}"
EndProject
Project("{FAE04EC0-301F-11D3-BF4B-00C04F79EFBC}") = "UnitTestPractice2", "UnitTestPractice2\UnitTestPractice2.csproj", "{1981ECBD-B28C-4D0C-A394-15DAF653FCD3}"
EndProject
Global
	GlobalSection(SolutionConfigurationPlatforms) = preSolution
		Debug|Any CPU = Debug|Any CPU
		Release|Any CPU = Release|Any CPU
	EndGlobalSection
	GlobalSection(ProjectConfigurationPlatforms) = postSolution
		{F35E386A-E797-48D7-9364-D58DBE9FA490}.Debug|Any CPU.ActiveCfg = Debug|Any CPU
		{F35E386A-E797-48D7-9364-D58DBE9FA490}.Debug|Any CPU.Build.0 = Debug|Any CPU
		{F35E386A-E797-48D7-9364-D58DBE9FA490}.Release|Any CPU.ActiveCfg = Release|Any CPU
		{F35E386A-E797-48D7-9364-D58DBE9FA490}.Release|Any CPU.Build.0 = Release|Any CPU
		{1981ECBD-B28C-4D0C-A394-15DAF653FCD3}.Debug|Any CPU.ActiveCfg = Debug|Any CPU
		{1981ECBD-B28C-4D0C-A394-15DAF653FCD3}.Debug|Any CPU.Build.0 = Debug|Any CPU
		{1981ECBD-B28C-4D0C-A394-15DAF653FCD3}.Release|Any CPU.ActiveCfg = Release|Any CPU
		{1981ECBD-B28C-4D0C-A394-15DAF653FCD3}.Release|Any CPU.Build.0 = Release|Any CPU
	EndGlobalSection
	GlobalSection(SolutionProperties) = preSolution
		HideSolutionNode = FALSE
	EndGlobalSection
	GlobalSection(ExtensibilityGlobals) = postSolution
		SolutionGuid = {3921853F-3B54-476C-ADA5-373991D3E0C3}
	EndGlobalSection
EndGlobal
